// !$*UTF8*$!
{
	archiveVersion = 1;
	classes = {
	};
	objectVersion = 56;
	objects = {

/* Begin PBXBuildFile section */
		99043DEB2C09F1D00075F5B6 /* ShopListViewController.swift in Sources */ = {isa = PBXBuildFile; fileRef = 99043DEA2C09F1D00075F5B6 /* ShopListViewController.swift */; };
		99043DEE2C09F1E90075F5B6 /* ShopListTableViewCell.xib in Resources */ = {isa = PBXBuildFile; fileRef = 99043DED2C09F1E90075F5B6 /* ShopListTableViewCell.xib */; };
		99043DEF2C09F1E90075F5B6 /* ShopListTableViewCell.swift in Sources */ = {isa = PBXBuildFile; fileRef = 99043DEC2C09F1E90075F5B6 /* ShopListTableViewCell.swift */; };
		99043DF32C09FD2C0075F5B6 /* ShoppingItem.swift in Sources */ = {isa = PBXBuildFile; fileRef = 99043DF22C09FD2C0075F5B6 /* ShoppingItem.swift */; };
		99043DF52C09FF180075F5B6 /* LabelExtention.swift in Sources */ = {isa = PBXBuildFile; fileRef = 99043DF42C09FF180075F5B6 /* LabelExtention.swift */; };
		99043DF72C0A07DD0075F5B6 /* ButtonUIExtension.swift in Sources */ = {isa = PBXBuildFile; fileRef = 99043DF62C0A07DD0075F5B6 /* ButtonUIExtension.swift */; };
		99043DF92C0A0B990075F5B6 /* TextFieldLeftPaddingExtentsion.swift in Sources */ = {isa = PBXBuildFile; fileRef = 99043DF82C0A0B990075F5B6 /* TextFieldLeftPaddingExtentsion.swift */; };
		9991ADB32C007EEB00FF9D30 /* AppDelegate.swift in Sources */ = {isa = PBXBuildFile; fileRef = 9991ADB22C007EEB00FF9D30 /* AppDelegate.swift */; };
		9991ADB52C007EEB00FF9D30 /* SceneDelegate.swift in Sources */ = {isa = PBXBuildFile; fileRef = 9991ADB42C007EEB00FF9D30 /* SceneDelegate.swift */; };
		9991ADB72C007EEB00FF9D30 /* ViewController.swift in Sources */ = {isa = PBXBuildFile; fileRef = 9991ADB62C007EEB00FF9D30 /* ViewController.swift */; };
		9991ADBA2C007EEB00FF9D30 /* Base in Resources */ = {isa = PBXBuildFile; fileRef = 9991ADB92C007EEB00FF9D30 /* Base */; };
		9991ADBC2C007EEC00FF9D30 /* Assets.xcassets in Resources */ = {isa = PBXBuildFile; fileRef = 9991ADBB2C007EEC00FF9D30 /* Assets.xcassets */; };
		9991ADBF2C007EEC00FF9D30 /* Base in Resources */ = {isa = PBXBuildFile; fileRef = 9991ADBE2C007EEC00FF9D30 /* Base */; };
		9991ADC72C008DCD00FF9D30 /* ShoppingListTableViewCell.swift in Sources */ = {isa = PBXBuildFile; fileRef = 9991ADC62C008DCD00FF9D30 /* ShoppingListTableViewCell.swift */; };
		9991ADC92C008DEA00FF9D30 /* ShoppingListTableViewController.swift in Sources */ = {isa = PBXBuildFile; fileRef = 9991ADC82C008DEA00FF9D30 /* ShoppingListTableViewController.swift */; };
/* End PBXBuildFile section */

/* Begin PBXFileReference section */
		99043DEA2C09F1D00075F5B6 /* ShopListViewController.swift */ = {isa = PBXFileReference; lastKnownFileType = sourcecode.swift; path = ShopListViewController.swift; sourceTree = "<group>"; };
		99043DEC2C09F1E90075F5B6 /* ShopListTableViewCell.swift */ = {isa = PBXFileReference; lastKnownFileType = sourcecode.swift; path = ShopListTableViewCell.swift; sourceTree = "<group>"; };
		99043DED2C09F1E90075F5B6 /* ShopListTableViewCell.xib */ = {isa = PBXFileReference; lastKnownFileType = file.xib; path = ShopListTableViewCell.xib; sourceTree = "<group>"; };
		99043DF22C09FD2C0075F5B6 /* ShoppingItem.swift */ = {isa = PBXFileReference; lastKnownFileType = sourcecode.swift; path = ShoppingItem.swift; sourceTree = "<group>"; };
		99043DF42C09FF180075F5B6 /* LabelExtention.swift */ = {isa = PBXFileReference; lastKnownFileType = sourcecode.swift; path = LabelExtention.swift; sourceTree = "<group>"; };
		99043DF62C0A07DD0075F5B6 /* ButtonUIExtension.swift */ = {isa = PBXFileReference; lastKnownFileType = sourcecode.swift; path = ButtonUIExtension.swift; sourceTree = "<group>"; };
		99043DF82C0A0B990075F5B6 /* TextFieldLeftPaddingExtentsion.swift */ = {isa = PBXFileReference; lastKnownFileType = sourcecode.swift; path = TextFieldLeftPaddingExtentsion.swift; sourceTree = "<group>"; };
		9991ADAF2C007EEB00FF9D30 /* ShoppingList.app */ = {isa = PBXFileReference; explicitFileType = wrapper.application; includeInIndex = 0; path = ShoppingList.app; sourceTree = BUILT_PRODUCTS_DIR; };
		9991ADB22C007EEB00FF9D30 /* AppDelegate.swift */ = {isa = PBXFileReference; lastKnownFileType = sourcecode.swift; path = AppDelegate.swift; sourceTree = "<group>"; };
		9991ADB42C007EEB00FF9D30 /* SceneDelegate.swift */ = {isa = PBXFileReference; lastKnownFileType = sourcecode.swift; path = SceneDelegate.swift; sourceTree = "<group>"; };
		9991ADB62C007EEB00FF9D30 /* ViewController.swift */ = {isa = PBXFileReference; lastKnownFileType = sourcecode.swift; path = ViewController.swift; sourceTree = "<group>"; };
		9991ADB92C007EEB00FF9D30 /* Base */ = {isa = PBXFileReference; lastKnownFileType = file.storyboard; name = Base; path = Base.lproj/Main.storyboard; sourceTree = "<group>"; };
		9991ADBB2C007EEC00FF9D30 /* Assets.xcassets */ = {isa = PBXFileReference; lastKnownFileType = folder.assetcatalog; path = Assets.xcassets; sourceTree = "<group>"; };
		9991ADBE2C007EEC00FF9D30 /* Base */ = {isa = PBXFileReference; lastKnownFileType = file.storyboard; name = Base; path = Base.lproj/LaunchScreen.storyboard; sourceTree = "<group>"; };
		9991ADC02C007EED00FF9D30 /* Info.plist */ = {isa = PBXFileReference; lastKnownFileType = text.plist.xml; path = Info.plist; sourceTree = "<group>"; };
		9991ADC62C008DCD00FF9D30 /* ShoppingListTableViewCell.swift */ = {isa = PBXFileReference; lastKnownFileType = sourcecode.swift; path = ShoppingListTableViewCell.swift; sourceTree = "<group>"; };
		9991ADC82C008DEA00FF9D30 /* ShoppingListTableViewController.swift */ = {isa = PBXFileReference; lastKnownFileType = sourcecode.swift; path = ShoppingListTableViewController.swift; sourceTree = "<group>"; };
/* End PBXFileReference section */

/* Begin PBXFrameworksBuildPhase section */
		9991ADAC2C007EEB00FF9D30 /* Frameworks */ = {
			isa = PBXFrameworksBuildPhase;
			buildActionMask = 2147483647;
			files = (
			);
			runOnlyForDeploymentPostprocessing = 0;
		};
/* End PBXFrameworksBuildPhase section */

/* Begin PBXGroup section */
		99043DE92C09F1A90075F5B6 /* UIViewController */ = {
			isa = PBXGroup;
			children = (
				99043DFA2C0A16B40075F5B6 /* Extension */,
				99043DEA2C09F1D00075F5B6 /* ShopListViewController.swift */,
				99043DEC2C09F1E90075F5B6 /* ShopListTableViewCell.swift */,
				99043DED2C09F1E90075F5B6 /* ShopListTableViewCell.xib */,
				99043DF22C09FD2C0075F5B6 /* ShoppingItem.swift */,
			);
			path = UIViewController;
			sourceTree = "<group>";
		};
		99043DFA2C0A16B40075F5B6 /* Extension */ = {
			isa = PBXGroup;
			children = (
				99043DF42C09FF180075F5B6 /* LabelExtention.swift */,
				99043DF62C0A07DD0075F5B6 /* ButtonUIExtension.swift */,
				99043DF82C0A0B990075F5B6 /* TextFieldLeftPaddingExtentsion.swift */,
			);
			path = Extension;
			sourceTree = "<group>";
		};
		9991ADA62C007EEB00FF9D30 = {
			isa = PBXGroup;
			children = (
				9991ADB12C007EEB00FF9D30 /* ShoppingList */,
				9991ADB02C007EEB00FF9D30 /* Products */,
			);
			sourceTree = "<group>";
		};
		9991ADB02C007EEB00FF9D30 /* Products */ = {
			isa = PBXGroup;
			children = (
				9991ADAF2C007EEB00FF9D30 /* ShoppingList.app */,
			);
			name = Products;
			sourceTree = "<group>";
		};
		9991ADB12C007EEB00FF9D30 /* ShoppingList */ = {
			isa = PBXGroup;
			children = (
				99043DE92C09F1A90075F5B6 /* UIViewController */,
				9991ADB22C007EEB00FF9D30 /* AppDelegate.swift */,
				9991ADB42C007EEB00FF9D30 /* SceneDelegate.swift */,
				9991ADB62C007EEB00FF9D30 /* ViewController.swift */,
				9991ADB82C007EEB00FF9D30 /* Main.storyboard */,
				9991ADBB2C007EEC00FF9D30 /* Assets.xcassets */,
				9991ADBD2C007EEC00FF9D30 /* LaunchScreen.storyboard */,
				9991ADC02C007EED00FF9D30 /* Info.plist */,
				9991ADC62C008DCD00FF9D30 /* ShoppingListTableViewCell.swift */,
				9991ADC82C008DEA00FF9D30 /* ShoppingListTableViewController.swift */,
			);
			path = ShoppingList;
			sourceTree = "<group>";
		};
/* End PBXGroup section */

/* Begin PBXNativeTarget section */
		9991ADAE2C007EEB00FF9D30 /* ShoppingList */ = {
			isa = PBXNativeTarget;
			buildConfigurationList = 9991ADC32C007EED00FF9D30 /* Build configuration list for PBXNativeTarget "ShoppingList" */;
			buildPhases = (
				9991ADAB2C007EEB00FF9D30 /* Sources */,
				9991ADAC2C007EEB00FF9D30 /* Frameworks */,
				9991ADAD2C007EEB00FF9D30 /* Resources */,
			);
			buildRules = (
			);
			dependencies = (
			);
			name = ShoppingList;
			productName = ShoppingList;
			productReference = 9991ADAF2C007EEB00FF9D30 /* ShoppingList.app */;
			productType = "com.apple.product-type.application";
		};
/* End PBXNativeTarget section */

/* Begin PBXProject section */
		9991ADA72C007EEB00FF9D30 /* Project object */ = {
			isa = PBXProject;
			attributes = {
				BuildIndependentTargetsInParallel = 1;
				LastSwiftUpdateCheck = 1530;
				LastUpgradeCheck = 1530;
				TargetAttributes = {
					9991ADAE2C007EEB00FF9D30 = {
						CreatedOnToolsVersion = 15.3;
					};
				};
			};
			buildConfigurationList = 9991ADAA2C007EEB00FF9D30 /* Build configuration list for PBXProject "ShoppingList" */;
			compatibilityVersion = "Xcode 14.0";
			developmentRegion = en;
			hasScannedForEncodings = 0;
			knownRegions = (
				en,
				Base,
			);
			mainGroup = 9991ADA62C007EEB00FF9D30;
			productRefGroup = 9991ADB02C007EEB00FF9D30 /* Products */;
			projectDirPath = "";
			projectRoot = "";
			targets = (
				9991ADAE2C007EEB00FF9D30 /* ShoppingList */,
			);
		};
/* End PBXProject section */

/* Begin PBXResourcesBuildPhase section */
		9991ADAD2C007EEB00FF9D30 /* Resources */ = {
			isa = PBXResourcesBuildPhase;
			buildActionMask = 2147483647;
			files = (
				9991ADBC2C007EEC00FF9D30 /* Assets.xcassets in Resources */,
				9991ADBF2C007EEC00FF9D30 /* Base in Resources */,
				9991ADBA2C007EEB00FF9D30 /* Base in Resources */,
				99043DEE2C09F1E90075F5B6 /* ShopListTableViewCell.xib in Resources */,
			);
			runOnlyForDeploymentPostprocessing = 0;
		};
/* End PBXResourcesBuildPhase section */

/* Begin PBXSourcesBuildPhase section */
		9991ADAB2C007EEB00FF9D30 /* Sources */ = {
			isa = PBXSourcesBuildPhase;
			buildActionMask = 2147483647;
			files = (
				9991ADC92C008DEA00FF9D30 /* ShoppingListTableViewController.swift in Sources */,
				99043DF92C0A0B990075F5B6 /* TextFieldLeftPaddingExtentsion.swift in Sources */,
				99043DF32C09FD2C0075F5B6 /* ShoppingItem.swift in Sources */,
				9991ADB72C007EEB00FF9D30 /* ViewController.swift in Sources */,
				99043DEB2C09F1D00075F5B6 /* ShopListViewController.swift in Sources */,
				99043DF72C0A07DD0075F5B6 /* ButtonUIExtension.swift in Sources */,
				99043DEF2C09F1E90075F5B6 /* ShopListTableViewCell.swift in Sources */,
				9991ADC72C008DCD00FF9D30 /* ShoppingListTableViewCell.swift in Sources */,
				9991ADB32C007EEB00FF9D30 /* AppDelegate.swift in Sources */,
				9991ADB52C007EEB00FF9D30 /* SceneDelegate.swift in Sources */,
				99043DF52C09FF180075F5B6 /* LabelExtention.swift in Sources */,
			);
			runOnlyForDeploymentPostprocessing = 0;
		};
/* End PBXSourcesBuildPhase section */

/* Begin PBXVariantGroup section */
		9991ADB82C007EEB00FF9D30 /* Main.storyboard */ = {
			isa = PBXVariantGroup;
			children = (
				9991ADB92C007EEB00FF9D30 /* Base */,
			);
			name = Main.storyboard;
			sourceTree = "<group>";
		};
		9991ADBD2C007EEC00FF9D30 /* LaunchScreen.storyboard */ = {
			isa = PBXVariantGroup;
			children = (
				9991ADBE2C007EEC00FF9D30 /* Base */,
			);
			name = LaunchScreen.storyboard;
			sourceTree = "<group>";
		};
/* End PBXVariantGroup section */

/* Begin XCBuildConfiguration section */
		9991ADC12C007EED00FF9D30 /* Debug */ = {
			isa = XCBuildConfiguration;
			buildSettings = {
				ALWAYS_SEARCH_USER_PATHS = NO;
				ASSETCATALOG_COMPILER_GENERATE_SWIFT_ASSET_SYMBOL_EXTENSIONS = YES;
				CLANG_ANALYZER_NONNULL = YES;
				CLANG_ANALYZER_NUMBER_OBJECT_CONVERSION = YES_AGGRESSIVE;
				CLANG_CXX_LANGUAGE_STANDARD = "gnu++20";
				CLANG_ENABLE_MODULES = YES;
				CLANG_ENABLE_OBJC_ARC = YES;
				CLANG_ENABLE_OBJC_WEAK = YES;
				CLANG_WARN_BLOCK_CAPTURE_AUTORELEASING = YES;
				CLANG_WARN_BOOL_CONVERSION = YES;
				CLANG_WARN_COMMA = YES;
				CLANG_WARN_CONSTANT_CONVERSION = YES;
				CLANG_WARN_DEPRECATED_OBJC_IMPLEMENTATIONS = YES;
				CLANG_WARN_DIRECT_OBJC_ISA_USAGE = YES_ERROR;
				CLANG_WARN_DOCUMENTATION_COMMENTS = YES;
				CLANG_WARN_EMPTY_BODY = YES;
				CLANG_WARN_ENUM_CONVERSION = YES;
				CLANG_WARN_INFINITE_RECURSION = YES;
				CLANG_WARN_INT_CONVERSION = YES;
				CLANG_WARN_NON_LITERAL_NULL_CONVERSION = YES;
				CLANG_WARN_OBJC_IMPLICIT_RETAIN_SELF = YES;
				CLANG_WARN_OBJC_LITERAL_CONVERSION = YES;
				CLANG_WARN_OBJC_ROOT_CLASS = YES_ERROR;
				CLANG_WARN_QUOTED_INCLUDE_IN_FRAMEWORK_HEADER = YES;
				CLANG_WARN_RANGE_LOOP_ANALYSIS = YES;
				CLANG_WARN_STRICT_PROTOTYPES = YES;
				CLANG_WARN_SUSPICIOUS_MOVE = YES;
				CLANG_WARN_UNGUARDED_AVAILABILITY = YES_AGGRESSIVE;
				CLANG_WARN_UNREACHABLE_CODE = YES;
				CLANG_WARN__DUPLICATE_METHOD_MATCH = YES;
				COPY_PHASE_STRIP = NO;
				DEBUG_INFORMATION_FORMAT = dwarf;
				ENABLE_STRICT_OBJC_MSGSEND = YES;
				ENABLE_TESTABILITY = YES;
				ENABLE_USER_SCRIPT_SANDBOXING = YES;
				GCC_C_LANGUAGE_STANDARD = gnu17;
				GCC_DYNAMIC_NO_PIC = NO;
				GCC_NO_COMMON_BLOCKS = YES;
				GCC_OPTIMIZATION_LEVEL = 0;
				GCC_PREPROCESSOR_DEFINITIONS = (
					"DEBUG=1",
					"$(inherited)",
				);
				GCC_WARN_64_TO_32_BIT_CONVERSION = YES;
				GCC_WARN_ABOUT_RETURN_TYPE = YES_ERROR;
				GCC_WARN_UNDECLARED_SELECTOR = YES;
				GCC_WARN_UNINITIALIZED_AUTOS = YES_AGGRESSIVE;
				GCC_WARN_UNUSED_FUNCTION = YES;
				GCC_WARN_UNUSED_VARIABLE = YES;
				IPHONEOS_DEPLOYMENT_TARGET = 17.4;
				LOCALIZATION_PREFERS_STRING_CATALOGS = YES;
				MTL_ENABLE_DEBUG_INFO = INCLUDE_SOURCE;
				MTL_FAST_MATH = YES;
				ONLY_ACTIVE_ARCH = YES;
				SDKROOT = iphoneos;
				SWIFT_ACTIVE_COMPILATION_CONDITIONS = "DEBUG $(inherited)";
				SWIFT_OPTIMIZATION_LEVEL = "-Onone";
			};
			name = Debug;
		};
		9991ADC22C007EED00FF9D30 /* Release */ = {
			isa = XCBuildConfiguration;
			buildSettings = {
				ALWAYS_SEARCH_USER_PATHS = NO;
				ASSETCATALOG_COMPILER_GENERATE_SWIFT_ASSET_SYMBOL_EXTENSIONS = YES;
				CLANG_ANALYZER_NONNULL = YES;
				CLANG_ANALYZER_NUMBER_OBJECT_CONVERSION = YES_AGGRESSIVE;
				CLANG_CXX_LANGUAGE_STANDARD = "gnu++20";
				CLANG_ENABLE_MODULES = YES;
				CLANG_ENABLE_OBJC_ARC = YES;
				CLANG_ENABLE_OBJC_WEAK = YES;
				CLANG_WARN_BLOCK_CAPTURE_AUTORELEASING = YES;
				CLANG_WARN_BOOL_CONVERSION = YES;
				CLANG_WARN_COMMA = YES;
				CLANG_WARN_CONSTANT_CONVERSION = YES;
				CLANG_WARN_DEPRECATED_OBJC_IMPLEMENTATIONS = YES;
				CLANG_WARN_DIRECT_OBJC_ISA_USAGE = YES_ERROR;
				CLANG_WARN_DOCUMENTATION_COMMENTS = YES;
				CLANG_WARN_EMPTY_BODY = YES;
				CLANG_WARN_ENUM_CONVERSION = YES;
				CLANG_WARN_INFINITE_RECURSION = YES;
				CLANG_WARN_INT_CONVERSION = YES;
				CLANG_WARN_NON_LITERAL_NULL_CONVERSION = YES;
				CLANG_WARN_OBJC_IMPLICIT_RETAIN_SELF = YES;
				CLANG_WARN_OBJC_LITERAL_CONVERSION = YES;
				CLANG_WARN_OBJC_ROOT_CLASS = YES_ERROR;
				CLANG_WARN_QUOTED_INCLUDE_IN_FRAMEWORK_HEADER = YES;
				CLANG_WARN_RANGE_LOOP_ANALYSIS = YES;
				CLANG_WARN_STRICT_PROTOTYPES = YES;
				CLANG_WARN_SUSPICIOUS_MOVE = YES;
				CLANG_WARN_UNGUARDED_AVAILABILITY = YES_AGGRESSIVE;
				CLANG_WARN_UNREACHABLE_CODE = YES;
				CLANG_WARN__DUPLICATE_METHOD_MATCH = YES;
				COPY_PHASE_STRIP = NO;
				DEBUG_INFORMATION_FORMAT = "dwarf-with-dsym";
				ENABLE_NS_ASSERTIONS = NO;
				ENABLE_STRICT_OBJC_MSGSEND = YES;
				ENABLE_USER_SCRIPT_SANDBOXING = YES;
				GCC_C_LANGUAGE_STANDARD = gnu17;
				GCC_NO_COMMON_BLOCKS = YES;
				GCC_WARN_64_TO_32_BIT_CONVERSION = YES;
				GCC_WARN_ABOUT_RETURN_TYPE = YES_ERROR;
				GCC_WARN_UNDECLARED_SELECTOR = YES;
				GCC_WARN_UNINITIALIZED_AUTOS = YES_AGGRESSIVE;
				GCC_WARN_UNUSED_FUNCTION = YES;
				GCC_WARN_UNUSED_VARIABLE = YES;
				IPHONEOS_DEPLOYMENT_TARGET = 17.4;
				LOCALIZATION_PREFERS_STRING_CATALOGS = YES;
				MTL_ENABLE_DEBUG_INFO = NO;
				MTL_FAST_MATH = YES;
				SDKROOT = iphoneos;
				SWIFT_COMPILATION_MODE = wholemodule;
				VALIDATE_PRODUCT = YES;
			};
			name = Release;
		};
		9991ADC42C007EED00FF9D30 /* Debug */ = {
			isa = XCBuildConfiguration;
			buildSettings = {
				ASSETCATALOG_COMPILER_APPICON_NAME = AppIcon;
				ASSETCATALOG_COMPILER_GLOBAL_ACCENT_COLOR_NAME = AccentColor;
				CODE_SIGN_STYLE = Automatic;
				CURRENT_PROJECT_VERSION = 1;
				DEVELOPMENT_TEAM = Y2VDXSZQ3M;
				GENERATE_INFOPLIST_FILE = YES;
				INFOPLIST_FILE = ShoppingList/Info.plist;
				INFOPLIST_KEY_UIApplicationSupportsIndirectInputEvents = YES;
				INFOPLIST_KEY_UILaunchStoryboardName = LaunchScreen;
				INFOPLIST_KEY_UIMainStoryboardFile = Main;
				INFOPLIST_KEY_UISupportedInterfaceOrientations_iPad = "UIInterfaceOrientationPortrait UIInterfaceOrientationPortraitUpsideDown UIInterfaceOrientationLandscapeLeft UIInterfaceOrientationLandscapeRight";
				INFOPLIST_KEY_UISupportedInterfaceOrientations_iPhone = "UIInterfaceOrientationPortrait UIInterfaceOrientationLandscapeLeft UIInterfaceOrientationLandscapeRight";
				IPHONEOS_DEPLOYMENT_TARGET = 16.0;
				LD_RUNPATH_SEARCH_PATHS = (
					"$(inherited)",
					"@executable_path/Frameworks",
				);
				MARKETING_VERSION = 1.0;
				PRODUCT_BUNDLE_IDENTIFIER = com.yun.ShoppingList;
				PRODUCT_NAME = "$(TARGET_NAME)";
				SUPPORTED_PLATFORMS = "iphoneos iphonesimulator";
				SUPPORTS_MACCATALYST = NO;
				SUPPORTS_MAC_DESIGNED_FOR_IPHONE_IPAD = NO;
				SUPPORTS_XR_DESIGNED_FOR_IPHONE_IPAD = NO;
				SWIFT_EMIT_LOC_STRINGS = YES;
				SWIFT_VERSION = 5.0;
				TARGETED_DEVICE_FAMILY = 1;
			};
			name = Debug;
		};
		9991ADC52C007EED00FF9D30 /* Release */ = {
			isa = XCBuildConfiguration;
			buildSettings = {
				ASSETCATALOG_COMPILER_APPICON_NAME = AppIcon;
				ASSETCATALOG_COMPILER_GLOBAL_ACCENT_COLOR_NAME = AccentColor;
				CODE_SIGN_STYLE = Automatic;
				CURRENT_PROJECT_VERSION = 1;
				DEVELOPMENT_TEAM = Y2VDXSZQ3M;
				GENERATE_INFOPLIST_FILE = YES;
				INFOPLIST_FILE = ShoppingList/Info.plist;
				INFOPLIST_KEY_UIApplicationSupportsIndirectInputEvents = YES;
				INFOPLIST_KEY_UILaunchStoryboardName = LaunchScreen;
				INFOPLIST_KEY_UIMainStoryboardFile = Main;
				INFOPLIST_KEY_UISupportedInterfaceOrientations_iPad = "UIInterfaceOrientationPortrait UIInterfaceOrientationPortraitUpsideDown UIInterfaceOrientationLandscapeLeft UIInterfaceOrientationLandscapeRight";
				INFOPLIST_KEY_UISupportedInterfaceOrientations_iPhone = "UIInterfaceOrientationPortrait UIInterfaceOrientationLandscapeLeft UIInterfaceOrientationLandscapeRight";
				IPHONEOS_DEPLOYMENT_TARGET = 16.0;
				LD_RUNPATH_SEARCH_PATHS = (
					"$(inherited)",
					"@executable_path/Frameworks",
				);
				MARKETING_VERSION = 1.0;
				PRODUCT_BUNDLE_IDENTIFIER = com.yun.ShoppingList;
				PRODUCT_NAME = "$(TARGET_NAME)";
				SUPPORTED_PLATFORMS = "iphoneos iphonesimulator";
				SUPPORTS_MACCATALYST = NO;
				SUPPORTS_MAC_DESIGNED_FOR_IPHONE_IPAD = NO;
				SUPPORTS_XR_DESIGNED_FOR_IPHONE_IPAD = NO;
				SWIFT_EMIT_LOC_STRINGS = YES;
				SWIFT_VERSION = 5.0;
				TARGETED_DEVICE_FAMILY = 1;
			};
			name = Release;
		};
/* End XCBuildConfiguration section */

/* Begin XCConfigurationList section */
		9991ADAA2C007EEB00FF9D30 /* Build configuration list for PBXProject "ShoppingList" */ = {
			isa = XCConfigurationList;
			buildConfigurations = (
				9991ADC12C007EED00FF9D30 /* Debug */,
				9991ADC22C007EED00FF9D30 /* Release */,
			);
			defaultConfigurationIsVisible = 0;
			defaultConfigurationName = Release;
		};
		9991ADC32C007EED00FF9D30 /* Build configuration list for PBXNativeTarget "ShoppingList" */ = {
			isa = XCConfigurationList;
			buildConfigurations = (
				9991ADC42C007EED00FF9D30 /* Debug */,
				9991ADC52C007EED00FF9D30 /* Release */,
			);
			defaultConfigurationIsVisible = 0;
			defaultConfigurationName = Release;
		};
/* End XCConfigurationList section */
	};
	rootObject = 9991ADA72C007EEB00FF9D30 /* Project object */;
}
